// !$*UTF8*$!
{
	archiveVersion = 1;
	classes = {
	};
	objectVersion = 55;
	objects = {

/* Begin PBXBuildFile section */
		D62756362870671C00C5B079 /* APIService.swift in Sources */ = {isa = PBXBuildFile; fileRef = D62756352870671C00C5B079 /* APIService.swift */; };
		D627563828719F9400C5B079 /* APIDataFetcher.swift in Sources */ = {isa = PBXBuildFile; fileRef = D627563728719F9400C5B079 /* APIDataFetcher.swift */; };
		D627563B2871A01700C5B079 /* SearchResult.swift in Sources */ = {isa = PBXBuildFile; fileRef = D627563A2871A01700C5B079 /* SearchResult.swift */; };
		D627563E2871BC4E00C5B079 /* SDWebImage in Frameworks */ = {isa = PBXBuildFile; productRef = D627563D2871BC4E00C5B079 /* SDWebImage */; };
		D62756422871E64D00C5B079 /* .swiftlint.yml in Resources */ = {isa = PBXBuildFile; fileRef = D62756412871E64D00C5B079 /* .swiftlint.yml */; };
		D62756442871E9A200C5B079 /* WaterFallLayout.swift in Sources */ = {isa = PBXBuildFile; fileRef = D62756432871E9A200C5B079 /* WaterFallLayout.swift */; };
		D627564A2872003A00C5B079 /* PanModal in Frameworks */ = {isa = PBXBuildFile; productRef = D62756492872003A00C5B079 /* PanModal */; };
		D627564D2872535C00C5B079 /* InfoViewController.swift in Sources */ = {isa = PBXBuildFile; fileRef = D627564C2872535B00C5B079 /* InfoViewController.swift */; };
		D627564F28725F3400C5B079 /* PaddingLabel.swift in Sources */ = {isa = PBXBuildFile; fileRef = D627564E28725F3400C5B079 /* PaddingLabel.swift */; };
		D6275651287264FD00C5B079 /* InfoModel.swift in Sources */ = {isa = PBXBuildFile; fileRef = D6275650287264FD00C5B079 /* InfoModel.swift */; };
		D67A72DD286BD1DB0009E992 /* AppDelegate.swift in Sources */ = {isa = PBXBuildFile; fileRef = D67A72DC286BD1DB0009E992 /* AppDelegate.swift */; };
		D67A72DF286BD1DB0009E992 /* SceneDelegate.swift in Sources */ = {isa = PBXBuildFile; fileRef = D67A72DE286BD1DB0009E992 /* SceneDelegate.swift */; };
		D67A72E1286BD1DB0009E992 /* PicturesViewController.swift in Sources */ = {isa = PBXBuildFile; fileRef = D67A72E0286BD1DB0009E992 /* PicturesViewController.swift */; };
		D67A72E6286BD1E00009E992 /* Assets.xcassets in Resources */ = {isa = PBXBuildFile; fileRef = D67A72E5286BD1E00009E992 /* Assets.xcassets */; };
		D67A72E9286BD1E00009E992 /* LaunchScreen.storyboard in Resources */ = {isa = PBXBuildFile; fileRef = D67A72E7286BD1E00009E992 /* LaunchScreen.storyboard */; };
		D67A72F1286BDBCC0009E992 /* NavigationViewController.swift in Sources */ = {isa = PBXBuildFile; fileRef = D67A72F0286BDBCC0009E992 /* NavigationViewController.swift */; };
		D67A72F4286BE7870009E992 /* ProfileViewController.swift in Sources */ = {isa = PBXBuildFile; fileRef = D67A72F3286BE7870009E992 /* ProfileViewController.swift */; };
		D67A72F6286F85970009E992 /* PIcturesCollectionViewCell.swift in Sources */ = {isa = PBXBuildFile; fileRef = D67A72F5286F85950009E992 /* PIcturesCollectionViewCell.swift */; };
/* End PBXBuildFile section */

/* Begin PBXFileReference section */
		D62756352870671C00C5B079 /* APIService.swift */ = {isa = PBXFileReference; lastKnownFileType = sourcecode.swift; path = APIService.swift; sourceTree = "<group>"; };
		D627563728719F9400C5B079 /* APIDataFetcher.swift */ = {isa = PBXFileReference; lastKnownFileType = sourcecode.swift; path = APIDataFetcher.swift; sourceTree = "<group>"; };
		D627563A2871A01700C5B079 /* SearchResult.swift */ = {isa = PBXFileReference; lastKnownFileType = sourcecode.swift; path = SearchResult.swift; sourceTree = "<group>"; };
		D62756412871E64D00C5B079 /* .swiftlint.yml */ = {isa = PBXFileReference; lastKnownFileType = text.yaml; path = .swiftlint.yml; sourceTree = "<group>"; };
		D62756432871E9A200C5B079 /* WaterFallLayout.swift */ = {isa = PBXFileReference; lastKnownFileType = sourcecode.swift; path = WaterFallLayout.swift; sourceTree = "<group>"; };
		D627564C2872535B00C5B079 /* InfoViewController.swift */ = {isa = PBXFileReference; lastKnownFileType = sourcecode.swift; path = InfoViewController.swift; sourceTree = "<group>"; };
		D627564E28725F3400C5B079 /* PaddingLabel.swift */ = {isa = PBXFileReference; lastKnownFileType = sourcecode.swift; path = PaddingLabel.swift; sourceTree = "<group>"; };
		D6275650287264FD00C5B079 /* InfoModel.swift */ = {isa = PBXFileReference; lastKnownFileType = sourcecode.swift; path = InfoModel.swift; sourceTree = "<group>"; };
		D67A72D9286BD1DB0009E992 /* CourseProjectMediasoft.app */ = {isa = PBXFileReference; explicitFileType = wrapper.application; includeInIndex = 0; path = CourseProjectMediasoft.app; sourceTree = BUILT_PRODUCTS_DIR; };
		D67A72DC286BD1DB0009E992 /* AppDelegate.swift */ = {isa = PBXFileReference; lastKnownFileType = sourcecode.swift; path = AppDelegate.swift; sourceTree = "<group>"; };
		D67A72DE286BD1DB0009E992 /* SceneDelegate.swift */ = {isa = PBXFileReference; lastKnownFileType = sourcecode.swift; path = SceneDelegate.swift; sourceTree = "<group>"; };
		D67A72E0286BD1DB0009E992 /* PicturesViewController.swift */ = {isa = PBXFileReference; lastKnownFileType = sourcecode.swift; path = PicturesViewController.swift; sourceTree = "<group>"; };
		D67A72E5286BD1E00009E992 /* Assets.xcassets */ = {isa = PBXFileReference; lastKnownFileType = folder.assetcatalog; path = Assets.xcassets; sourceTree = "<group>"; };
		D67A72E8286BD1E00009E992 /* Base */ = {isa = PBXFileReference; lastKnownFileType = file.storyboard; name = Base; path = Base.lproj/LaunchScreen.storyboard; sourceTree = "<group>"; };
		D67A72EA286BD1E00009E992 /* Info.plist */ = {isa = PBXFileReference; lastKnownFileType = text.plist.xml; path = Info.plist; sourceTree = "<group>"; };
		D67A72F0286BDBCC0009E992 /* NavigationViewController.swift */ = {isa = PBXFileReference; lastKnownFileType = sourcecode.swift; path = NavigationViewController.swift; sourceTree = "<group>"; };
		D67A72F3286BE7870009E992 /* ProfileViewController.swift */ = {isa = PBXFileReference; lastKnownFileType = sourcecode.swift; path = ProfileViewController.swift; sourceTree = "<group>"; };
		D67A72F5286F85950009E992 /* PIcturesCollectionViewCell.swift */ = {isa = PBXFileReference; lastKnownFileType = sourcecode.swift; path = PIcturesCollectionViewCell.swift; sourceTree = "<group>"; };
/* End PBXFileReference section */

/* Begin PBXFrameworksBuildPhase section */
		D67A72D6286BD1DB0009E992 /* Frameworks */ = {
			isa = PBXFrameworksBuildPhase;
			buildActionMask = 2147483647;
			files = (
				D627564A2872003A00C5B079 /* PanModal in Frameworks */,
				D627563E2871BC4E00C5B079 /* SDWebImage in Frameworks */,
			);
			runOnlyForDeploymentPostprocessing = 0;
		};
/* End PBXFrameworksBuildPhase section */

/* Begin PBXGroup section */
		D62756332870173200C5B079 /* View */ = {
			isa = PBXGroup;
			children = (
				D627564B2872531200C5B079 /* PicturesView */,
				D67A72F3286BE7870009E992 /* ProfileViewController.swift */,
				D627564C2872535B00C5B079 /* InfoViewController.swift */,
			);
			path = View;
			sourceTree = "<group>";
		};
		D62756342870175400C5B079 /* APIService */ = {
			isa = PBXGroup;
			children = (
				D62756352870671C00C5B079 /* APIService.swift */,
				D627563728719F9400C5B079 /* APIDataFetcher.swift */,
			);
			path = APIService;
			sourceTree = "<group>";
		};
		D627563928719FF100C5B079 /* Models */ = {
			isa = PBXGroup;
			children = (
				D627563A2871A01700C5B079 /* SearchResult.swift */,
				D627564E28725F3400C5B079 /* PaddingLabel.swift */,
				D6275650287264FD00C5B079 /* InfoModel.swift */,
			);
			path = Models;
			sourceTree = "<group>";
		};
		D627564B2872531200C5B079 /* PicturesView */ = {
			isa = PBXGroup;
			children = (
				D67A72F5286F85950009E992 /* PIcturesCollectionViewCell.swift */,
				D67A72E0286BD1DB0009E992 /* PicturesViewController.swift */,
				D62756432871E9A200C5B079 /* WaterFallLayout.swift */,
			);
			path = PicturesView;
			sourceTree = "<group>";
		};
		D67A72D0286BD1DB0009E992 = {
			isa = PBXGroup;
			children = (
				D67A72DB286BD1DB0009E992 /* CourseProjectMediasoft */,
				D67A72DA286BD1DB0009E992 /* Products */,
			);
			sourceTree = "<group>";
		};
		D67A72DA286BD1DB0009E992 /* Products */ = {
			isa = PBXGroup;
			children = (
				D67A72D9286BD1DB0009E992 /* CourseProjectMediasoft.app */,
			);
			name = Products;
			sourceTree = "<group>";
		};
		D67A72DB286BD1DB0009E992 /* CourseProjectMediasoft */ = {
			isa = PBXGroup;
			children = (
				D67A72DC286BD1DB0009E992 /* AppDelegate.swift */,
				D67A72DE286BD1DB0009E992 /* SceneDelegate.swift */,
				D67A72F0286BDBCC0009E992 /* NavigationViewController.swift */,
				D62756332870173200C5B079 /* View */,
				D62756342870175400C5B079 /* APIService */,
				D627563928719FF100C5B079 /* Models */,
				D67A72E5286BD1E00009E992 /* Assets.xcassets */,
				D67A72E7286BD1E00009E992 /* LaunchScreen.storyboard */,
				D67A72EA286BD1E00009E992 /* Info.plist */,
				D62756412871E64D00C5B079 /* .swiftlint.yml */,
			);
			path = CourseProjectMediasoft;
			sourceTree = "<group>";
		};
/* End PBXGroup section */

/* Begin PBXNativeTarget section */
		D67A72D8286BD1DB0009E992 /* CourseProjectMediasoft */ = {
			isa = PBXNativeTarget;
			buildConfigurationList = D67A72ED286BD1E00009E992 /* Build configuration list for PBXNativeTarget "CourseProjectMediasoft" */;
			buildPhases = (
				D67A72D5286BD1DB0009E992 /* Sources */,
				D67A72D6286BD1DB0009E992 /* Frameworks */,
				D67A72F2286BDE500009E992 /* ShellScript */,
				D67A72D7286BD1DB0009E992 /* Resources */,
			);
			buildRules = (
			);
			dependencies = (
			);
			name = CourseProjectMediasoft;
			packageProductDependencies = (
				D627563D2871BC4E00C5B079 /* SDWebImage */,
				D62756492872003A00C5B079 /* PanModal */,
			);
			productName = CourseProjectMediasoft;
			productReference = D67A72D9286BD1DB0009E992 /* CourseProjectMediasoft.app */;
			productType = "com.apple.product-type.application";
		};
/* End PBXNativeTarget section */

/* Begin PBXProject section */
		D67A72D1286BD1DB0009E992 /* Project object */ = {
			isa = PBXProject;
			attributes = {
				BuildIndependentTargetsInParallel = 1;
				LastSwiftUpdateCheck = 1320;
				LastUpgradeCheck = 1320;
				TargetAttributes = {
					D67A72D8286BD1DB0009E992 = {
						CreatedOnToolsVersion = 13.2.1;
					};
				};
			};
			buildConfigurationList = D67A72D4286BD1DB0009E992 /* Build configuration list for PBXProject "CourseProjectMediasoft" */;
			compatibilityVersion = "Xcode 13.0";
			developmentRegion = en;
			hasScannedForEncodings = 0;
			knownRegions = (
				en,
				Base,
			);
			mainGroup = D67A72D0286BD1DB0009E992;
			packageReferences = (
				D627563C2871BC4E00C5B079 /* XCRemoteSwiftPackageReference "SDWebImage" */,
				D62756482872003A00C5B079 /* XCRemoteSwiftPackageReference "PanModal" */,
			);
			productRefGroup = D67A72DA286BD1DB0009E992 /* Products */;
			projectDirPath = "";
			projectRoot = "";
			targets = (
				D67A72D8286BD1DB0009E992 /* CourseProjectMediasoft */,
			);
		};
/* End PBXProject section */

/* Begin PBXResourcesBuildPhase section */
		D67A72D7286BD1DB0009E992 /* Resources */ = {
			isa = PBXResourcesBuildPhase;
			buildActionMask = 2147483647;
			files = (
				D62756422871E64D00C5B079 /* .swiftlint.yml in Resources */,
				D67A72E9286BD1E00009E992 /* LaunchScreen.storyboard in Resources */,
				D67A72E6286BD1E00009E992 /* Assets.xcassets in Resources */,
			);
			runOnlyForDeploymentPostprocessing = 0;
		};
/* End PBXResourcesBuildPhase section */

/* Begin PBXShellScriptBuildPhase section */
		D67A72F2286BDE500009E992 /* ShellScript */ = {
			isa = PBXShellScriptBuildPhase;
			buildActionMask = 2147483647;
			files = (
			);
			inputFileListPaths = (
			);
			inputPaths = (
			);
			outputFileListPaths = (
			);
			outputPaths = (
			);
			runOnlyForDeploymentPostprocessing = 0;
			shellPath = /bin/sh;
			shellScript = "if which swiftlint >/dev/null; then\n  swiftlint\nelse\n  echo \"error: SwiftLint does not exist, download it from https://github.com/realm/SwiftLint\"\n  exit 1\nfi\n";
		};
/* End PBXShellScriptBuildPhase section */

/* Begin PBXSourcesBuildPhase section */
		D67A72D5286BD1DB0009E992 /* Sources */ = {
			isa = PBXSourcesBuildPhase;
			buildActionMask = 2147483647;
			files = (
				D627564F28725F3400C5B079 /* PaddingLabel.swift in Sources */,
				D67A72F1286BDBCC0009E992 /* NavigationViewController.swift in Sources */,
				D627564D2872535C00C5B079 /* InfoViewController.swift in Sources */,
				D627563B2871A01700C5B079 /* SearchResult.swift in Sources */,
				D62756362870671C00C5B079 /* APIService.swift in Sources */,
				D67A72E1286BD1DB0009E992 /* PicturesViewController.swift in Sources */,
				D67A72F4286BE7870009E992 /* ProfileViewController.swift in Sources */,
				D627563828719F9400C5B079 /* APIDataFetcher.swift in Sources */,
				D62756442871E9A200C5B079 /* WaterFallLayout.swift in Sources */,
				D67A72F6286F85970009E992 /* PIcturesCollectionViewCell.swift in Sources */,
				D6275651287264FD00C5B079 /* InfoModel.swift in Sources */,
				D67A72DD286BD1DB0009E992 /* AppDelegate.swift in Sources */,
				D67A72DF286BD1DB0009E992 /* SceneDelegate.swift in Sources */,
			);
			runOnlyForDeploymentPostprocessing = 0;
		};
/* End PBXSourcesBuildPhase section */

/* Begin PBXVariantGroup section */
		D67A72E7286BD1E00009E992 /* LaunchScreen.storyboard */ = {
			isa = PBXVariantGroup;
			children = (
				D67A72E8286BD1E00009E992 /* Base */,
			);
			name = LaunchScreen.storyboard;
			sourceTree = "<group>";
		};
/* End PBXVariantGroup section */

/* Begin XCBuildConfiguration section */
		D67A72EB286BD1E00009E992 /* Debug */ = {
			isa = XCBuildConfiguration;
			buildSettings = {
				ALWAYS_SEARCH_USER_PATHS = NO;
				CLANG_ANALYZER_NONNULL = YES;
				CLANG_ANALYZER_NUMBER_OBJECT_CONVERSION = YES_AGGRESSIVE;
				CLANG_CXX_LANGUAGE_STANDARD = "gnu++17";
				CLANG_CXX_LIBRARY = "libc++";
				CLANG_ENABLE_MODULES = YES;
				CLANG_ENABLE_OBJC_ARC = YES;
				CLANG_ENABLE_OBJC_WEAK = YES;
				CLANG_WARN_BLOCK_CAPTURE_AUTORELEASING = YES;
				CLANG_WARN_BOOL_CONVERSION = YES;
				CLANG_WARN_COMMA = YES;
				CLANG_WARN_CONSTANT_CONVERSION = YES;
				CLANG_WARN_DEPRECATED_OBJC_IMPLEMENTATIONS = YES;
				CLANG_WARN_DIRECT_OBJC_ISA_USAGE = YES_ERROR;
				CLANG_WARN_DOCUMENTATION_COMMENTS = YES;
				CLANG_WARN_EMPTY_BODY = YES;
				CLANG_WARN_ENUM_CONVERSION = YES;
				CLANG_WARN_INFINITE_RECURSION = YES;
				CLANG_WARN_INT_CONVERSION = YES;
				CLANG_WARN_NON_LITERAL_NULL_CONVERSION = YES;
				CLANG_WARN_OBJC_IMPLICIT_RETAIN_SELF = YES;
				CLANG_WARN_OBJC_LITERAL_CONVERSION = YES;
				CLANG_WARN_OBJC_ROOT_CLASS = YES_ERROR;
				CLANG_WARN_QUOTED_INCLUDE_IN_FRAMEWORK_HEADER = YES;
				CLANG_WARN_RANGE_LOOP_ANALYSIS = YES;
				CLANG_WARN_STRICT_PROTOTYPES = YES;
				CLANG_WARN_SUSPICIOUS_MOVE = YES;
				CLANG_WARN_UNGUARDED_AVAILABILITY = YES_AGGRESSIVE;
				CLANG_WARN_UNREACHABLE_CODE = YES;
				CLANG_WARN__DUPLICATE_METHOD_MATCH = YES;
				COPY_PHASE_STRIP = NO;
				DEBUG_INFORMATION_FORMAT = dwarf;
				ENABLE_STRICT_OBJC_MSGSEND = YES;
				ENABLE_TESTABILITY = YES;
				GCC_C_LANGUAGE_STANDARD = gnu11;
				GCC_DYNAMIC_NO_PIC = NO;
				GCC_NO_COMMON_BLOCKS = YES;
				GCC_OPTIMIZATION_LEVEL = 0;
				GCC_PREPROCESSOR_DEFINITIONS = (
					"DEBUG=1",
					"$(inherited)",
				);
				GCC_WARN_64_TO_32_BIT_CONVERSION = YES;
				GCC_WARN_ABOUT_RETURN_TYPE = YES_ERROR;
				GCC_WARN_UNDECLARED_SELECTOR = YES;
				GCC_WARN_UNINITIALIZED_AUTOS = YES_AGGRESSIVE;
				GCC_WARN_UNUSED_FUNCTION = YES;
				GCC_WARN_UNUSED_VARIABLE = YES;
				IPHONEOS_DEPLOYMENT_TARGET = 15.2;
				MTL_ENABLE_DEBUG_INFO = INCLUDE_SOURCE;
				MTL_FAST_MATH = YES;
				ONLY_ACTIVE_ARCH = YES;
				SDKROOT = iphoneos;
				SWIFT_ACTIVE_COMPILATION_CONDITIONS = DEBUG;
				SWIFT_OPTIMIZATION_LEVEL = "-Onone";
			};
			name = Debug;
		};
		D67A72EC286BD1E00009E992 /* Release */ = {
			isa = XCBuildConfiguration;
			buildSettings = {
				ALWAYS_SEARCH_USER_PATHS = NO;
				CLANG_ANALYZER_NONNULL = YES;
				CLANG_ANALYZER_NUMBER_OBJECT_CONVERSION = YES_AGGRESSIVE;
				CLANG_CXX_LANGUAGE_STANDARD = "gnu++17";
				CLANG_CXX_LIBRARY = "libc++";
				CLANG_ENABLE_MODULES = YES;
				CLANG_ENABLE_OBJC_ARC = YES;
				CLANG_ENABLE_OBJC_WEAK = YES;
				CLANG_WARN_BLOCK_CAPTURE_AUTORELEASING = YES;
				CLANG_WARN_BOOL_CONVERSION = YES;
				CLANG_WARN_COMMA = YES;
				CLANG_WARN_CONSTANT_CONVERSION = YES;
				CLANG_WARN_DEPRECATED_OBJC_IMPLEMENTATIONS = YES;
				CLANG_WARN_DIRECT_OBJC_ISA_USAGE = YES_ERROR;
				CLANG_WARN_DOCUMENTATION_COMMENTS = YES;
				CLANG_WARN_EMPTY_BODY = YES;
				CLANG_WARN_ENUM_CONVERSION = YES;
				CLANG_WARN_INFINITE_RECURSION = YES;
				CLANG_WARN_INT_CONVERSION = YES;
				CLANG_WARN_NON_LITERAL_NULL_CONVERSION = YES;
				CLANG_WARN_OBJC_IMPLICIT_RETAIN_SELF = YES;
				CLANG_WARN_OBJC_LITERAL_CONVERSION = YES;
				CLANG_WARN_OBJC_ROOT_CLASS = YES_ERROR;
				CLANG_WARN_QUOTED_INCLUDE_IN_FRAMEWORK_HEADER = YES;
				CLANG_WARN_RANGE_LOOP_ANALYSIS = YES;
				CLANG_WARN_STRICT_PROTOTYPES = YES;
				CLANG_WARN_SUSPICIOUS_MOVE = YES;
				CLANG_WARN_UNGUARDED_AVAILABILITY = YES_AGGRESSIVE;
				CLANG_WARN_UNREACHABLE_CODE = YES;
				CLANG_WARN__DUPLICATE_METHOD_MATCH = YES;
				COPY_PHASE_STRIP = NO;
				DEBUG_INFORMATION_FORMAT = "dwarf-with-dsym";
				ENABLE_NS_ASSERTIONS = NO;
				ENABLE_STRICT_OBJC_MSGSEND = YES;
				GCC_C_LANGUAGE_STANDARD = gnu11;
				GCC_NO_COMMON_BLOCKS = YES;
				GCC_WARN_64_TO_32_BIT_CONVERSION = YES;
				GCC_WARN_ABOUT_RETURN_TYPE = YES_ERROR;
				GCC_WARN_UNDECLARED_SELECTOR = YES;
				GCC_WARN_UNINITIALIZED_AUTOS = YES_AGGRESSIVE;
				GCC_WARN_UNUSED_FUNCTION = YES;
				GCC_WARN_UNUSED_VARIABLE = YES;
				IPHONEOS_DEPLOYMENT_TARGET = 15.2;
				MTL_ENABLE_DEBUG_INFO = NO;
				MTL_FAST_MATH = YES;
				SDKROOT = iphoneos;
				SWIFT_COMPILATION_MODE = wholemodule;
				SWIFT_OPTIMIZATION_LEVEL = "-O";
				VALIDATE_PRODUCT = YES;
			};
			name = Release;
		};
		D67A72EE286BD1E00009E992 /* Debug */ = {
			isa = XCBuildConfiguration;
			buildSettings = {
				ASSETCATALOG_COMPILER_APPICON_NAME = AppIcon;
				ASSETCATALOG_COMPILER_GLOBAL_ACCENT_COLOR_NAME = AccentColor;
				CODE_SIGN_STYLE = Automatic;
				CURRENT_PROJECT_VERSION = 1;
				DEVELOPMENT_TEAM = Z6S52L578H;
				GENERATE_INFOPLIST_FILE = YES;
				INFOPLIST_FILE = CourseProjectMediasoft/Info.plist;
				INFOPLIST_KEY_UIApplicationSupportsIndirectInputEvents = YES;
				INFOPLIST_KEY_UILaunchStoryboardName = LaunchScreen;
				INFOPLIST_KEY_UISupportedInterfaceOrientations_iPad = "UIInterfaceOrientationPortrait UIInterfaceOrientationPortraitUpsideDown UIInterfaceOrientationLandscapeLeft UIInterfaceOrientationLandscapeRight";
				INFOPLIST_KEY_UISupportedInterfaceOrientations_iPhone = "UIInterfaceOrientationPortrait UIInterfaceOrientationLandscapeLeft UIInterfaceOrientationLandscapeRight";
				LD_RUNPATH_SEARCH_PATHS = (
					"$(inherited)",
					"@executable_path/Frameworks",
				);
				MARKETING_VERSION = 1.0;
				PRODUCT_BUNDLE_IDENTIFIER = Shomen.CourseProjectMediasoft;
				PRODUCT_NAME = "$(TARGET_NAME)";
				SWIFT_EMIT_LOC_STRINGS = YES;
				SWIFT_VERSION = 5.0;
				TARGETED_DEVICE_FAMILY = "1,2";
			};
			name = Debug;
		};
		D67A72EF286BD1E00009E992 /* Release */ = {
			isa = XCBuildConfiguration;
			buildSettings = {
				ASSETCATALOG_COMPILER_APPICON_NAME = AppIcon;
				ASSETCATALOG_COMPILER_GLOBAL_ACCENT_COLOR_NAME = AccentColor;
				CODE_SIGN_STYLE = Automatic;
				CURRENT_PROJECT_VERSION = 1;
				DEVELOPMENT_TEAM = Z6S52L578H;
				GENERATE_INFOPLIST_FILE = YES;
				INFOPLIST_FILE = CourseProjectMediasoft/Info.plist;
				INFOPLIST_KEY_UIApplicationSupportsIndirectInputEvents = YES;
				INFOPLIST_KEY_UILaunchStoryboardName = LaunchScreen;
				INFOPLIST_KEY_UISupportedInterfaceOrientations_iPad = "UIInterfaceOrientationPortrait UIInterfaceOrientationPortraitUpsideDown UIInterfaceOrientationLandscapeLeft UIInterfaceOrientationLandscapeRight";
				INFOPLIST_KEY_UISupportedInterfaceOrientations_iPhone = "UIInterfaceOrientationPortrait UIInterfaceOrientationLandscapeLeft UIInterfaceOrientationLandscapeRight";
				LD_RUNPATH_SEARCH_PATHS = (
					"$(inherited)",
					"@executable_path/Frameworks",
				);
				MARKETING_VERSION = 1.0;
				PRODUCT_BUNDLE_IDENTIFIER = Shomen.CourseProjectMediasoft;
				PRODUCT_NAME = "$(TARGET_NAME)";
				SWIFT_EMIT_LOC_STRINGS = YES;
				SWIFT_VERSION = 5.0;
				TARGETED_DEVICE_FAMILY = "1,2";
			};
			name = Release;
		};
/* End XCBuildConfiguration section */

/* Begin XCConfigurationList section */
		D67A72D4286BD1DB0009E992 /* Build configuration list for PBXProject "CourseProjectMediasoft" */ = {
			isa = XCConfigurationList;
			buildConfigurations = (
				D67A72EB286BD1E00009E992 /* Debug */,
				D67A72EC286BD1E00009E992 /* Release */,
			);
			defaultConfigurationIsVisible = 0;
			defaultConfigurationName = Release;
		};
		D67A72ED286BD1E00009E992 /* Build configuration list for PBXNativeTarget "CourseProjectMediasoft" */ = {
			isa = XCConfigurationList;
			buildConfigurations = (
				D67A72EE286BD1E00009E992 /* Debug */,
				D67A72EF286BD1E00009E992 /* Release */,
			);
			defaultConfigurationIsVisible = 0;
			defaultConfigurationName = Release;
		};
/* End XCConfigurationList section */

/* Begin XCRemoteSwiftPackageReference section */
		D627563C2871BC4E00C5B079 /* XCRemoteSwiftPackageReference "SDWebImage" */ = {
			isa = XCRemoteSwiftPackageReference;
			repositoryURL = "https://github.com/SDWebImage/SDWebImage";
			requirement = {
				branch = master;
				kind = branch;
			};
		};
		D62756482872003A00C5B079 /* XCRemoteSwiftPackageReference "PanModal" */ = {
			isa = XCRemoteSwiftPackageReference;
			repositoryURL = "https://github.com/slackhq/PanModal";
			requirement = {
				branch = master;
				kind = branch;
			};
		};
/* End XCRemoteSwiftPackageReference section */

/* Begin XCSwiftPackageProductDependency section */
		D627563D2871BC4E00C5B079 /* SDWebImage */ = {
			isa = XCSwiftPackageProductDependency;
			package = D627563C2871BC4E00C5B079 /* XCRemoteSwiftPackageReference "SDWebImage" */;
			productName = SDWebImage;
		};
		D62756492872003A00C5B079 /* PanModal */ = {
			isa = XCSwiftPackageProductDependency;
			package = D62756482872003A00C5B079 /* XCRemoteSwiftPackageReference "PanModal" */;
			productName = PanModal;
		};
/* End XCSwiftPackageProductDependency section */
	};
	rootObject = D67A72D1286BD1DB0009E992 /* Project object */;
}
